{
  "name": "LifeJournal",
  "lockfileVersion": 2,
  "requires": true,
  "packages": {
    "": {
      "dependencies": {
        "@angular/material-moment-adapter": "^14.1.0",
        "@ng-bootstrap/ng-bootstrap": "^10.0.0",
        "ag-charts-angular": "^5.3.0",
        "ag-charts-community": "^5.3.0",
        "angular-mat-datepicker": "^0.0.2",
        "apexcharts": "^3.35.3",
        "chart.js": "^3.8.0",
        "ng-multiselect-dropdown": "^0.3.7",
        "ng2-charts": "^3.0.11"
      }
    },
    "node_modules/@angular/material-moment-adapter": {
      "version": "14.1.0",
      "resolved": "https://registry.npmjs.org/@angular/material-moment-adapter/-/material-moment-adapter-14.1.0.tgz",
      "integrity": "sha512-M1XJ9tCn6B6kXF/7H5QurCsrwLft6m3qIqHbUOzunSJvNldlEJYDNTgOG60UrF9o3lBnXo90H9UD/dEQ4Qqyjg==",
      "dependencies": {
        "tslib": "^2.3.0"
      },
      "peerDependencies": {
        "@angular/core": "^14.0.0 || ^15.0.0",
        "@angular/material": "14.1.0",
        "moment": "^2.18.1"
      }
    },
    "node_modules/@ng-bootstrap/ng-bootstrap": {
      "version": "10.0.0",
      "resolved": "https://registry.npmjs.org/@ng-bootstrap/ng-bootstrap/-/ng-bootstrap-10.0.0.tgz",
      "integrity": "sha512-Sz+QaxjuyJYJ+zyUbf0TevgcgVesCPQiiFiggEzxKjzY5R+Hvq3YgryLdXf2r/ryePL+C3FXCcmmKpTM5bfczQ==",
      "dependencies": {
        "tslib": "^2.1.0"
      },
      "peerDependencies": {
        "@angular/common": "^12.0.0",
        "@angular/core": "^12.0.0",
        "@angular/forms": "^12.0.0",
        "@angular/localize": "^12.0.0",
        "rxjs": "^6.5.5"
      }
    },
    "node_modules/ag-charts-angular": {
      "version": "5.3.0",
      "resolved": "https://registry.npmjs.org/ag-charts-angular/-/ag-charts-angular-5.3.0.tgz",
      "integrity": "sha512-B5N/Q8VCu4bXm1jL6STrr/bTCqYZe9wH1iXS5vBk8Nqdd2UQIRXXdqLfKRzsh6sEjOwo9EL3cxGyimcPWZd/GQ==",
      "dependencies": {
        "tslib": "^1.10.0"
      },
      "peerDependencies": {
        "@angular/common": ">=8.0.0",
        "@angular/core": ">=8.0.0",
        "ag-charts-community": "~5.3.0"
      }
    },
    "node_modules/ag-charts-angular/node_modules/tslib": {
      "version": "1.14.1",
      "resolved": "https://registry.npmjs.org/tslib/-/tslib-1.14.1.tgz",
      "integrity": "sha512-Xni35NKzjgMrwevysHTCArtLDpPvye8zV/0E4EyYn43P7/7qvQwPh9BGkHewbMulVntbigmcT7rdX3BNo9wRJg=="
    },
    "node_modules/ag-charts-community": {
      "version": "5.3.0",
      "resolved": "https://registry.npmjs.org/ag-charts-community/-/ag-charts-community-5.3.0.tgz",
      "integrity": "sha512-tj9ZeM3Mawk+Q1q7FbwmilGnImfKehXt6RdakD8tD+ll1oUlufS9qr1Ay9Xs9AHEisuk2Q4iJv3EOmu/y5p2lA=="
    },
    "node_modules/angular-mat-datepicker": {
      "version": "0.0.2",
      "resolved": "https://registry.npmjs.org/angular-mat-datepicker/-/angular-mat-datepicker-0.0.2.tgz",
      "integrity": "sha512-3rmrVkwY5GiY5IS6RAmknEqMO7EevZ3fZN4KkKc8R6IH5JGP7YNdaA5DruOAQVD89Ox0aHC7culm4cR4/bDVLA==",
      "dependencies": {
        "moment": "^2.17.1",
        "rxjs": "5.0.0-beta.12"
      }
    },
    "node_modules/angular-mat-datepicker/node_modules/rxjs": {
      "version": "5.0.0-beta.12",
      "resolved": "https://registry.npmjs.org/rxjs/-/rxjs-5.0.0-beta.12.tgz",
      "integrity": "sha1-zf3i2MRjnSCud5S/+P3fMtp60zc=",
      "dependencies": {
        "symbol-observable": "^1.0.1"
      },
      "engines": {
        "npm": ">=2.0.0"
      }
    },
    "node_modules/apexcharts": {
      "version": "3.35.3",
      "resolved": "https://registry.npmjs.org/apexcharts/-/apexcharts-3.35.3.tgz",
      "integrity": "sha512-UDlxslJr3DG63I/SgoiivIu4lpP25GMaKFK8NvCHmTksTQshx4ng3oPPrYvdsBFOvD/ajPYIh/p7rNB0jq8vXg==",
      "dependencies": {
        "svg.draggable.js": "^2.2.2",
        "svg.easing.js": "^2.0.0",
        "svg.filter.js": "^2.0.2",
        "svg.pathmorphing.js": "^0.1.3",
        "svg.resize.js": "^1.4.3",
        "svg.select.js": "^3.0.1"
      }
    },
    "node_modules/chart.js": {
      "version": "3.8.0",
      "resolved": "https://registry.npmjs.org/chart.js/-/chart.js-3.8.0.tgz",
      "integrity": "sha512-cr8xhrXjLIXVLOBZPkBZVF6NDeiVIrPLHcMhnON7UufudL+CNeRrD+wpYanswlm8NpudMdrt3CHoLMQMxJhHRg=="
    },
    "node_modules/lodash-es": {
      "version": "4.17.21",
      "resolved": "https://registry.npmjs.org/lodash-es/-/lodash-es-4.17.21.tgz",
      "integrity": "sha512-mKnC+QJ9pWVzv+C4/U3rRsHapFfHvQFoFB92e52xeyGMcX6/OlIl78je1u8vePzYZSkkogMPJ2yjxxsb89cxyw=="
    },
    "node_modules/moment": {
      "version": "2.29.1",
      "resolved": "https://registry.npmjs.org/moment/-/moment-2.29.1.tgz",
      "integrity": "sha512-kHmoybcPV8Sqy59DwNDY3Jefr64lK/by/da0ViFcuA4DH0vQg5Q6Ze5VimxkfQNSC+Mls/Kx53s7TjP1RhFEDQ==",
      "engines": {
        "node": "*"
      }
    },
    "node_modules/ng-multiselect-dropdown": {
      "version": "0.3.7",
      "resolved": "https://registry.npmjs.org/ng-multiselect-dropdown/-/ng-multiselect-dropdown-0.3.7.tgz",
      "integrity": "sha512-7DXEVfrHo53FAN/ywRT8gr4CBybFzYtnlJwAG3sbbER3wQhJ65oj+nBEzbm/PuJ1KR/nUv+xlSDlvkdQ9ighWA==",
      "dependencies": {
        "tslib": "^1.9.0"
      },
      "peerDependencies": {
        "@angular/common": ">=2.0.0",
        "@angular/core": ">=2.0.0"
      }
    },
    "node_modules/ng-multiselect-dropdown/node_modules/tslib": {
      "version": "1.14.1",
      "resolved": "https://registry.npmjs.org/tslib/-/tslib-1.14.1.tgz",
      "integrity": "sha512-Xni35NKzjgMrwevysHTCArtLDpPvye8zV/0E4EyYn43P7/7qvQwPh9BGkHewbMulVntbigmcT7rdX3BNo9wRJg=="
    },
    "node_modules/ng2-charts": {
      "version": "3.0.11",
      "resolved": "https://registry.npmjs.org/ng2-charts/-/ng2-charts-3.0.11.tgz",
      "integrity": "sha512-HHy188JIGt48tbww8MhT9PYGcFNCMeQCzVbQoezmunKxQcjg3dBatLov+qoLXbSQvhRYbYVowthTtY7/7ZsiSg==",
      "dependencies": {
        "lodash-es": "^4.17.15",
        "tslib": "^2.3.0"
      },
      "peerDependencies": {
        "@angular/common": ">=11.0.0",
        "@angular/core": ">=11.0.0",
        "chart.js": "^3.4.0",
        "rxjs": "^6.5.3 || ^7.4.0"
      }
    },
    "node_modules/svg.draggable.js": {
      "version": "2.2.2",
      "resolved": "https://registry.npmjs.org/svg.draggable.js/-/svg.draggable.js-2.2.2.tgz",
      "integrity": "sha512-JzNHBc2fLQMzYCZ90KZHN2ohXL0BQJGQimK1kGk6AvSeibuKcIdDX9Kr0dT9+UJ5O8nYA0RB839Lhvk4CY4MZw==",
      "dependencies": {
        "svg.js": "^2.0.1"
      },
      "engines": {
        "node": ">= 0.8.0"
      }
    },
    "node_modules/svg.easing.js": {
      "version": "2.0.0",
      "resolved": "https://registry.npmjs.org/svg.easing.js/-/svg.easing.js-2.0.0.tgz",
      "integrity": "sha1-iqmUawqOJ4V6XEChDrpAkeVpHxI=",
      "dependencies": {
        "svg.js": ">=2.3.x"
      },
      "engines": {
        "node": ">= 0.8.0"
      }
    },
    "node_modules/svg.filter.js": {
      "version": "2.0.2",
      "resolved": "https://registry.npmjs.org/svg.filter.js/-/svg.filter.js-2.0.2.tgz",
      "integrity": "sha1-kQCOFROJ3ZIwd5/L5uLJo2LRwgM=",
      "dependencies": {
        "svg.js": "^2.2.5"
      },
      "engines": {
        "node": ">= 0.8.0"
      }
    },
    "node_modules/svg.js": {
      "version": "2.7.1",
      "resolved": "https://registry.npmjs.org/svg.js/-/svg.js-2.7.1.tgz",
      "integrity": "sha512-ycbxpizEQktk3FYvn/8BH+6/EuWXg7ZpQREJvgacqn46gIddG24tNNe4Son6omdXCnSOaApnpZw6MPCBA1dODA=="
    },
    "node_modules/svg.pathmorphing.js": {
      "version": "0.1.3",
      "resolved": "https://registry.npmjs.org/svg.pathmorphing.js/-/svg.pathmorphing.js-0.1.3.tgz",
      "integrity": "sha512-49HWI9X4XQR/JG1qXkSDV8xViuTLIWm/B/7YuQELV5KMOPtXjiwH4XPJvr/ghEDibmLQ9Oc22dpWpG0vUDDNww==",
      "dependencies": {
        "svg.js": "^2.4.0"
      },
      "engines": {
        "node": ">= 0.8.0"
      }
    },
    "node_modules/svg.resize.js": {
      "version": "1.4.3",
      "resolved": "https://registry.npmjs.org/svg.resize.js/-/svg.resize.js-1.4.3.tgz",
      "integrity": "sha512-9k5sXJuPKp+mVzXNvxz7U0uC9oVMQrrf7cFsETznzUDDm0x8+77dtZkWdMfRlmbkEEYvUn9btKuZ3n41oNA+uw==",
      "dependencies": {
        "svg.js": "^2.6.5",
        "svg.select.js": "^2.1.2"
      },
      "engines": {
        "node": ">= 0.8.0"
      }
    },
    "node_modules/svg.resize.js/node_modules/svg.select.js": {
      "version": "2.1.2",
      "resolved": "https://registry.npmjs.org/svg.select.js/-/svg.select.js-2.1.2.tgz",
      "integrity": "sha512-tH6ABEyJsAOVAhwcCjF8mw4crjXSI1aa7j2VQR8ZuJ37H2MBUbyeqYr5nEO7sSN3cy9AR9DUwNg0t/962HlDbQ==",
      "dependencies": {
        "svg.js": "^2.2.5"
      },
      "engines": {
        "node": ">= 0.8.0"
      }
    },
    "node_modules/svg.select.js": {
      "version": "3.0.1",
      "resolved": "https://registry.npmjs.org/svg.select.js/-/svg.select.js-3.0.1.tgz",
      "integrity": "sha512-h5IS/hKkuVCbKSieR9uQCj9w+zLHoPh+ce19bBYyqF53g6mnPB8sAtIbe1s9dh2S2fCmYX2xel1Ln3PJBbK4kw==",
      "dependencies": {
        "svg.js": "^2.6.5"
      },
      "engines": {
        "node": ">= 0.8.0"
      }
    },
    "node_modules/symbol-observable": {
      "version": "1.2.0",
      "resolved": "https://registry.npmjs.org/symbol-observable/-/symbol-observable-1.2.0.tgz",
      "integrity": "sha512-e900nM8RRtGhlV36KGEU9k65K3mPb1WV70OdjfxlG2EAuM1noi/E/BaW/uMhL7bPEssK8QV57vN3esixjUvcXQ==",
      "engines": {
        "node": ">=0.10.0"
      }
    },
    "node_modules/tslib": {
      "version": "2.3.1",
      "resolved": "https://registry.npmjs.org/tslib/-/tslib-2.3.1.tgz",
      "integrity": "sha512-77EbyPPpMz+FRFRuAFlWMtmgUWGe9UOG2Z25NqCwiIjRhOf5iKGuzSe5P2w1laq+FkRy4p+PCuVkJSGkzTEKVw=="
    }
  },
  "dependencies": {
    "@angular/material-moment-adapter": {
      "version": "14.1.0",
      "resolved": "https://registry.npmjs.org/@angular/material-moment-adapter/-/material-moment-adapter-14.1.0.tgz",
      "integrity": "sha512-M1XJ9tCn6B6kXF/7H5QurCsrwLft6m3qIqHbUOzunSJvNldlEJYDNTgOG60UrF9o3lBnXo90H9UD/dEQ4Qqyjg==",
      "requires": {
        "tslib": "^2.3.0"
      }
    },
    "@ng-bootstrap/ng-bootstrap": {
      "version": "10.0.0",
      "resolved": "https://registry.npmjs.org/@ng-bootstrap/ng-bootstrap/-/ng-bootstrap-10.0.0.tgz",
      "integrity": "sha512-Sz+QaxjuyJYJ+zyUbf0TevgcgVesCPQiiFiggEzxKjzY5R+Hvq3YgryLdXf2r/ryePL+C3FXCcmmKpTM5bfczQ==",
      "requires": {
        "tslib": "^2.1.0"
      }
    },
    "ag-charts-angular": {
      "version": "5.3.0",
      "resolved": "https://registry.npmjs.org/ag-charts-angular/-/ag-charts-angular-5.3.0.tgz",
      "integrity": "sha512-B5N/Q8VCu4bXm1jL6STrr/bTCqYZe9wH1iXS5vBk8Nqdd2UQIRXXdqLfKRzsh6sEjOwo9EL3cxGyimcPWZd/GQ==",
      "requires": {
        "tslib": "^1.10.0"
      },
      "dependencies": {
        "tslib": {
          "version": "1.14.1",
          "resolved": "https://registry.npmjs.org/tslib/-/tslib-1.14.1.tgz",
          "integrity": "sha512-Xni35NKzjgMrwevysHTCArtLDpPvye8zV/0E4EyYn43P7/7qvQwPh9BGkHewbMulVntbigmcT7rdX3BNo9wRJg=="
        }
      }
    },
    "ag-charts-community": {
      "version": "5.3.0",
      "resolved": "https://registry.npmjs.org/ag-charts-community/-/ag-charts-community-5.3.0.tgz",
      "integrity": "sha512-tj9ZeM3Mawk+Q1q7FbwmilGnImfKehXt6RdakD8tD+ll1oUlufS9qr1Ay9Xs9AHEisuk2Q4iJv3EOmu/y5p2lA=="
    },
    "angular-mat-datepicker": {
      "version": "0.0.2",
      "resolved": "https://registry.npmjs.org/angular-mat-datepicker/-/angular-mat-datepicker-0.0.2.tgz",
      "integrity": "sha512-3rmrVkwY5GiY5IS6RAmknEqMO7EevZ3fZN4KkKc8R6IH5JGP7YNdaA5DruOAQVD89Ox0aHC7culm4cR4/bDVLA==",
      "requires": {
        "moment": "^2.17.1",
        "rxjs": "5.0.0-beta.12"
      },
      "dependencies": {
        "rxjs": {
          "version": "5.0.0-beta.12",
          "resolved": "https://registry.npmjs.org/rxjs/-/rxjs-5.0.0-beta.12.tgz",
          "integrity": "sha1-zf3i2MRjnSCud5S/+P3fMtp60zc=",
          "requires": {
            "symbol-observable": "^1.0.1"
          }
        }
      }
    },
    "apexcharts": {
      "version": "3.35.3",
      "resolved": "https://registry.npmjs.org/apexcharts/-/apexcharts-3.35.3.tgz",
      "integrity": "sha512-UDlxslJr3DG63I/SgoiivIu4lpP25GMaKFK8NvCHmTksTQshx4ng3oPPrYvdsBFOvD/ajPYIh/p7rNB0jq8vXg==",
      "requires": {
        "svg.draggable.js": "^2.2.2",
        "svg.easing.js": "^2.0.0",
        "svg.filter.js": "^2.0.2",
        "svg.pathmorphing.js": "^0.1.3",
        "svg.resize.js": "^1.4.3",
        "svg.select.js": "^3.0.1"
      }
    },
    "chart.js": {
      "version": "3.8.0",
      "resolved": "https://registry.npmjs.org/chart.js/-/chart.js-3.8.0.tgz",
      "integrity": "sha512-cr8xhrXjLIXVLOBZPkBZVF6NDeiVIrPLHcMhnON7UufudL+CNeRrD+wpYanswlm8NpudMdrt3CHoLMQMxJhHRg=="
    },
    "lodash-es": {
      "version": "4.17.21",
      "resolved": "https://registry.npmjs.org/lodash-es/-/lodash-es-4.17.21.tgz",
      "integrity": "sha512-mKnC+QJ9pWVzv+C4/U3rRsHapFfHvQFoFB92e52xeyGMcX6/OlIl78je1u8vePzYZSkkogMPJ2yjxxsb89cxyw=="
    },
    "moment": {
      "version": "2.29.1",
      "resolved": "https://registry.npmjs.org/moment/-/moment-2.29.1.tgz",
      "integrity": "sha512-kHmoybcPV8Sqy59DwNDY3Jefr64lK/by/da0ViFcuA4DH0vQg5Q6Ze5VimxkfQNSC+Mls/Kx53s7TjP1RhFEDQ=="
    },
    "ng-multiselect-dropdown": {
      "version": "0.3.7",
      "resolved": "https://registry.npmjs.org/ng-multiselect-dropdown/-/ng-multiselect-dropdown-0.3.7.tgz",
      "integrity": "sha512-7DXEVfrHo53FAN/ywRT8gr4CBybFzYtnlJwAG3sbbER3wQhJ65oj+nBEzbm/PuJ1KR/nUv+xlSDlvkdQ9ighWA==",
      "requires": {
        "tslib": "^1.9.0"
      },
      "dependencies": {
        "tslib": {
          "version": "1.14.1",
          "resolved": "https://registry.npmjs.org/tslib/-/tslib-1.14.1.tgz",
          "integrity": "sha512-Xni35NKzjgMrwevysHTCArtLDpPvye8zV/0E4EyYn43P7/7qvQwPh9BGkHewbMulVntbigmcT7rdX3BNo9wRJg=="
        }
      }
    },
    "ng2-charts": {
      "version": "3.0.11",
      "resolved": "https://registry.npmjs.org/ng2-charts/-/ng2-charts-3.0.11.tgz",
      "integrity": "sha512-HHy188JIGt48tbww8MhT9PYGcFNCMeQCzVbQoezmunKxQcjg3dBatLov+qoLXbSQvhRYbYVowthTtY7/7ZsiSg==",
      "requires": {
        "lodash-es": "^4.17.15",
        "tslib": "^2.3.0"
      }
    },
    "svg.draggable.js": {
      "version": "2.2.2",
      "resolved": "https://registry.npmjs.org/svg.draggable.js/-/svg.draggable.js-2.2.2.tgz",
      "integrity": "sha512-JzNHBc2fLQMzYCZ90KZHN2ohXL0BQJGQimK1kGk6AvSeibuKcIdDX9Kr0dT9+UJ5O8nYA0RB839Lhvk4CY4MZw==",
      "requires": {
        "svg.js": "^2.0.1"
      }
    },
    "svg.easing.js": {
      "version": "2.0.0",
      "resolved": "https://registry.npmjs.org/svg.easing.js/-/svg.easing.js-2.0.0.tgz",
      "integrity": "sha1-iqmUawqOJ4V6XEChDrpAkeVpHxI=",
      "requires": {
        "svg.js": ">=2.3.x"
      }
    },
    "svg.filter.js": {
      "version": "2.0.2",
      "resolved": "https://registry.npmjs.org/svg.filter.js/-/svg.filter.js-2.0.2.tgz",
      "integrity": "sha1-kQCOFROJ3ZIwd5/L5uLJo2LRwgM=",
      "requires": {
        "svg.js": "^2.2.5"
      }
    },
    "svg.js": {
      "version": "2.7.1",
      "resolved": "https://registry.npmjs.org/svg.js/-/svg.js-2.7.1.tgz",
      "integrity": "sha512-ycbxpizEQktk3FYvn/8BH+6/EuWXg7ZpQREJvgacqn46gIddG24tNNe4Son6omdXCnSOaApnpZw6MPCBA1dODA=="
    },
    "svg.pathmorphing.js": {
      "version": "0.1.3",
      "resolved": "https://registry.npmjs.org/svg.pathmorphing.js/-/svg.pathmorphing.js-0.1.3.tgz",
      "integrity": "sha512-49HWI9X4XQR/JG1qXkSDV8xViuTLIWm/B/7YuQELV5KMOPtXjiwH4XPJvr/ghEDibmLQ9Oc22dpWpG0vUDDNww==",
      "requires": {
        "svg.js": "^2.4.0"
      }
    },
    "svg.resize.js": {
      "version": "1.4.3",
      "resolved": "https://registry.npmjs.org/svg.resize.js/-/svg.resize.js-1.4.3.tgz",
      "integrity": "sha512-9k5sXJuPKp+mVzXNvxz7U0uC9oVMQrrf7cFsETznzUDDm0x8+77dtZkWdMfRlmbkEEYvUn9btKuZ3n41oNA+uw==",
      "requires": {
        "svg.js": "^2.6.5",
        "svg.select.js": "^2.1.2"
      },
      "dependencies": {
        "svg.select.js": {
          "version": "2.1.2",
          "resolved": "https://registry.npmjs.org/svg.select.js/-/svg.select.js-2.1.2.tgz",
          "integrity": "sha512-tH6ABEyJsAOVAhwcCjF8mw4crjXSI1aa7j2VQR8ZuJ37H2MBUbyeqYr5nEO7sSN3cy9AR9DUwNg0t/962HlDbQ==",
          "requires": {
            "svg.js": "^2.2.5"
          }
        }
      }
    },
    "svg.select.js": {
      "version": "3.0.1",
      "resolved": "https://registry.npmjs.org/svg.select.js/-/svg.select.js-3.0.1.tgz",
      "integrity": "sha512-h5IS/hKkuVCbKSieR9uQCj9w+zLHoPh+ce19bBYyqF53g6mnPB8sAtIbe1s9dh2S2fCmYX2xel1Ln3PJBbK4kw==",
      "requires": {
        "svg.js": "^2.6.5"
      }
    },
    "symbol-observable": {
      "version": "1.2.0",
      "resolved": "https://registry.npmjs.org/symbol-observable/-/symbol-observable-1.2.0.tgz",
      "integrity": "sha512-e900nM8RRtGhlV36KGEU9k65K3mPb1WV70OdjfxlG2EAuM1noi/E/BaW/uMhL7bPEssK8QV57vN3esixjUvcXQ=="
    },
    "tslib": {
      "version": "2.3.1",
      "resolved": "https://registry.npmjs.org/tslib/-/tslib-2.3.1.tgz",
      "integrity": "sha512-77EbyPPpMz+FRFRuAFlWMtmgUWGe9UOG2Z25NqCwiIjRhOf5iKGuzSe5P2w1laq+FkRy4p+PCuVkJSGkzTEKVw=="
    }
  }
}
